PODS:
  - FlutterMacOS (1.0.0)
  - handy_window (0.1.0):
    - FlutterMacOS

DEPENDENCIES:
  - FlutterMacOS (from `Flutter/ephemeral`)
  - handy_window (from `Flutter/ephemeral/.symlinks/plugins/handy_window/macos`)

EXTERNAL SOURCES:
  FlutterMacOS:
    :path: Flutter/ephemeral
  handy_window:
    :path: Flutter/ephemeral/.symlinks/plugins/handy_window/macos

SPEC CHECKSUMS:
  FlutterMacOS: 57701585bf7de1b3fc2bb61f6378d73bbdea8424
  handy_window: 82d864d0bd5fe7f30604938586d3b782ed6dfdef

PODFILE CHECKSUM: 6eac6b3292e5142cfc23bdeb71848a40ec51c14c

COCOAPODS: 1.11.2
